PODS:
  - Masonry (1.1.0)
  - SDVersion (4.3.2)

DEPENDENCIES:
  - Masonry
  - SDVersion

SPEC REPOS:
  trunk:
    - Masonry
    - SDVersion

SPEC CHECKSUMS:
  Masonry: 678fab65091a9290e40e2832a55e7ab731aad201
  SDVersion: 18f32c835c1543611fcfae3c6accd9a04b90597e

PODFILE CHECKSUM: 4cd0cef35b88229633982e3b359a9173fa974602

COCOAPODS: 1.9.1
