// !$*UTF8*$!
{
	archiveVersion = 1;
	classes = {
	};
	objectVersion = 46;
	objects = {

/* Begin PBXBuildFile section */
		7A00AFAE1F4ADAD10049807A /* JXImageTextButton.m in Sources */ = {isa = PBXBuildFile; fileRef = 7A00AFAD1F4ADAD10049807A /* JXImageTextButton.m */; };
		7A00AFB11F4ADB980049807A /* UIView+JXFrame.m in Sources */ = {isa = PBXBuildFile; fileRef = 7A00AFB01F4ADB980049807A /* UIView+JXFrame.m */; };
		7A6333D61F3D8AFE00E377CA /* UIImage+JXExtension.m in Sources */ = {isa = PBXBuildFile; fileRef = 7A6333D51F3D8AFE00E377CA /* UIImage+JXExtension.m */; };
		7A7493CE1F47E82000C9C798 /* UIAlertController+JXExtension.m in Sources */ = {isa = PBXBuildFile; fileRef = 7A7493CD1F47E82000C9C798 /* UIAlertController+JXExtension.m */; };
		7AB1EAF91F5BB00A003A5B53 /* JXPushAnimator.m in Sources */ = {isa = PBXBuildFile; fileRef = 7AB1EAF21F5BB00A003A5B53 /* JXPushAnimator.m */; };
		7AB1EAFA1F5BB00A003A5B53 /* JXTransitionAnimator.m in Sources */ = {isa = PBXBuildFile; fileRef = 7AB1EAF41F5BB00A003A5B53 /* JXTransitionAnimator.m */; };
		7AB1EAFB1F5BB00A003A5B53 /* JXTransitionObject.m in Sources */ = {isa = PBXBuildFile; fileRef = 7AB1EAF61F5BB00A003A5B53 /* JXTransitionObject.m */; };
		7AB1EAFC1F5BB00A003A5B53 /* UIViewController+JXTransition.m in Sources */ = {isa = PBXBuildFile; fileRef = 7AB1EAF81F5BB00A003A5B53 /* UIViewController+JXTransition.m */; };
		7ACD80D31F3578C200021894 /* main.m in Sources */ = {isa = PBXBuildFile; fileRef = 7ACD80D21F3578C200021894 /* main.m */; };
		7ACD80D61F3578C200021894 /* AppDelegate.m in Sources */ = {isa = PBXBuildFile; fileRef = 7ACD80D51F3578C200021894 /* AppDelegate.m */; };
		7ACD80D91F3578C200021894 /* ViewController.m in Sources */ = {isa = PBXBuildFile; fileRef = 7ACD80D81F3578C200021894 /* ViewController.m */; };
		7ACD80DC1F3578C200021894 /* Main.storyboard in Resources */ = {isa = PBXBuildFile; fileRef = 7ACD80DA1F3578C200021894 /* Main.storyboard */; };
		7ACD80DE1F3578C200021894 /* Assets.xcassets in Resources */ = {isa = PBXBuildFile; fileRef = 7ACD80DD1F3578C200021894 /* Assets.xcassets */; };
		7ACD80E11F3578C200021894 /* LaunchScreen.storyboard in Resources */ = {isa = PBXBuildFile; fileRef = 7ACD80DF1F3578C200021894 /* LaunchScreen.storyboard */; };
		7ACD81871F35A6BD00021894 /* NSString+JXDecimalCalculate.m in Sources */ = {isa = PBXBuildFile; fileRef = 7ACD816C1F35A6BD00021894 /* NSString+JXDecimalCalculate.m */; };
		7ACD81881F35A6BD00021894 /* UIButton+JXCountDown.m in Sources */ = {isa = PBXBuildFile; fileRef = 7ACD816E1F35A6BD00021894 /* UIButton+JXCountDown.m */; };
		7ACD818A1F35A6BD00021894 /* UIScrollView+JXEmptyDataSet.m in Sources */ = {isa = PBXBuildFile; fileRef = 7ACD81721F35A6BD00021894 /* UIScrollView+JXEmptyDataSet.m */; };
		7ACD818B1F35A6BD00021894 /* UIScrollView+JXExtension.m in Sources */ = {isa = PBXBuildFile; fileRef = 7ACD81741F35A6BD00021894 /* UIScrollView+JXExtension.m */; };
		7ACD818C1F35A6BD00021894 /* UIView+JXDesign.m in Sources */ = {isa = PBXBuildFile; fileRef = 7ACD81761F35A6BD00021894 /* UIView+JXDesign.m */; };
		7ACD818D1F35A6BD00021894 /* JXAlertContainerView.m in Sources */ = {isa = PBXBuildFile; fileRef = 7ACD817A1F35A6BD00021894 /* JXAlertContainerView.m */; };
		7ACD818E1F35A6BD00021894 /* JXButton.m in Sources */ = {isa = PBXBuildFile; fileRef = 7ACD817C1F35A6BD00021894 /* JXButton.m */; };
		7ACD818F1F35A6BD00021894 /* JXImageView.m in Sources */ = {isa = PBXBuildFile; fileRef = 7ACD817E1F35A6BD00021894 /* JXImageView.m */; };
		7ACD81901F35A6BD00021894 /* JXLabel.m in Sources */ = {isa = PBXBuildFile; fileRef = 7ACD81801F35A6BD00021894 /* JXLabel.m */; };
		7ACD81911F35A6BD00021894 /* JXTextField.m in Sources */ = {isa = PBXBuildFile; fileRef = 7ACD81821F35A6BD00021894 /* JXTextField.m */; };
		7ACD81921F35A6BD00021894 /* JXTextView.m in Sources */ = {isa = PBXBuildFile; fileRef = 7ACD81841F35A6BD00021894 /* JXTextView.m */; };
		7ACD81931F35A6BD00021894 /* JXView.m in Sources */ = {isa = PBXBuildFile; fileRef = 7ACD81861F35A6BD00021894 /* JXView.m */; };
		7AF456B91F4C38710068FD48 /* NSString+JXSize.m in Sources */ = {isa = PBXBuildFile; fileRef = 7AF456B81F4C38710068FD48 /* NSString+JXSize.m */; };
		7AF456BF1F4C3BB70068FD48 /* JXCollectionViewLeftAlignmentFlowLayout.m in Sources */ = {isa = PBXBuildFile; fileRef = 7AF456BE1F4C3BB70068FD48 /* JXCollectionViewLeftAlignmentFlowLayout.m */; };
		7EC85313099945E851F43C10 /* libPods-JXExtension.a in Frameworks */ = {isa = PBXBuildFile; fileRef = F1C87085E6B1D02610148DF7 /* libPods-JXExtension.a */; };
/* End PBXBuildFile section */

/* Begin PBXFileReference section */
		4F3AC3E221FBD6014A3F64FE /* Pods-JXExtension.release.xcconfig */ = {isa = PBXFileReference; includeInIndex = 1; lastKnownFileType = text.xcconfig; name = "Pods-JXExtension.release.xcconfig"; path = "Pods/Target Support Files/Pods-JXExtension/Pods-JXExtension.release.xcconfig"; sourceTree = "<group>"; };
		7A00AFAC1F4ADAD10049807A /* JXImageTextButton.h */ = {isa = PBXFileReference; fileEncoding = 4; lastKnownFileType = sourcecode.c.h; path = JXImageTextButton.h; sourceTree = "<group>"; };
		7A00AFAD1F4ADAD10049807A /* JXImageTextButton.m */ = {isa = PBXFileReference; fileEncoding = 4; lastKnownFileType = sourcecode.c.objc; path = JXImageTextButton.m; sourceTree = "<group>"; };
		7A00AFAF1F4ADB980049807A /* UIView+JXFrame.h */ = {isa = PBXFileReference; fileEncoding = 4; lastKnownFileType = sourcecode.c.h; path = "UIView+JXFrame.h"; sourceTree = "<group>"; };
		7A00AFB01F4ADB980049807A /* UIView+JXFrame.m */ = {isa = PBXFileReference; fileEncoding = 4; lastKnownFileType = sourcecode.c.objc; path = "UIView+JXFrame.m"; sourceTree = "<group>"; };
		7A6333D41F3D8AFE00E377CA /* UIImage+JXExtension.h */ = {isa = PBXFileReference; fileEncoding = 4; lastKnownFileType = sourcecode.c.h; path = "UIImage+JXExtension.h"; sourceTree = "<group>"; };
		7A6333D51F3D8AFE00E377CA /* UIImage+JXExtension.m */ = {isa = PBXFileReference; fileEncoding = 4; lastKnownFileType = sourcecode.c.objc; path = "UIImage+JXExtension.m"; sourceTree = "<group>"; };
		7A7493CC1F47E82000C9C798 /* UIAlertController+JXExtension.h */ = {isa = PBXFileReference; fileEncoding = 4; lastKnownFileType = sourcecode.c.h; path = "UIAlertController+JXExtension.h"; sourceTree = "<group>"; };
		7A7493CD1F47E82000C9C798 /* UIAlertController+JXExtension.m */ = {isa = PBXFileReference; fileEncoding = 4; lastKnownFileType = sourcecode.c.objc; path = "UIAlertController+JXExtension.m"; sourceTree = "<group>"; };
		7AB1EAF11F5BB00A003A5B53 /* JXPushAnimator.h */ = {isa = PBXFileReference; fileEncoding = 4; lastKnownFileType = sourcecode.c.h; path = JXPushAnimator.h; sourceTree = "<group>"; };
		7AB1EAF21F5BB00A003A5B53 /* JXPushAnimator.m */ = {isa = PBXFileReference; fileEncoding = 4; lastKnownFileType = sourcecode.c.objc; path = JXPushAnimator.m; sourceTree = "<group>"; };
		7AB1EAF31F5BB00A003A5B53 /* JXTransitionAnimator.h */ = {isa = PBXFileReference; fileEncoding = 4; lastKnownFileType = sourcecode.c.h; path = JXTransitionAnimator.h; sourceTree = "<group>"; };
		7AB1EAF41F5BB00A003A5B53 /* JXTransitionAnimator.m */ = {isa = PBXFileReference; fileEncoding = 4; lastKnownFileType = sourcecode.c.objc; path = JXTransitionAnimator.m; sourceTree = "<group>"; };
		7AB1EAF51F5BB00A003A5B53 /* JXTransitionObject.h */ = {isa = PBXFileReference; fileEncoding = 4; lastKnownFileType = sourcecode.c.h; path = JXTransitionObject.h; sourceTree = "<group>"; };
		7AB1EAF61F5BB00A003A5B53 /* JXTransitionObject.m */ = {isa = PBXFileReference; fileEncoding = 4; lastKnownFileType = sourcecode.c.objc; path = JXTransitionObject.m; sourceTree = "<group>"; };
		7AB1EAF71F5BB00A003A5B53 /* UIViewController+JXTransition.h */ = {isa = PBXFileReference; fileEncoding = 4; lastKnownFileType = sourcecode.c.h; path = "UIViewController+JXTransition.h"; sourceTree = "<group>"; };
		7AB1EAF81F5BB00A003A5B53 /* UIViewController+JXTransition.m */ = {isa = PBXFileReference; fileEncoding = 4; lastKnownFileType = sourcecode.c.objc; path = "UIViewController+JXTransition.m"; sourceTree = "<group>"; };
		7ACD80CE1F3578C200021894 /* JXExtension.app */ = {isa = PBXFileReference; explicitFileType = wrapper.application; includeInIndex = 0; path = JXExtension.app; sourceTree = BUILT_PRODUCTS_DIR; };
		7ACD80D21F3578C200021894 /* main.m */ = {isa = PBXFileReference; lastKnownFileType = sourcecode.c.objc; path = main.m; sourceTree = "<group>"; };
		7ACD80D41F3578C200021894 /* AppDelegate.h */ = {isa = PBXFileReference; lastKnownFileType = sourcecode.c.h; path = AppDelegate.h; sourceTree = "<group>"; };
		7ACD80D51F3578C200021894 /* AppDelegate.m */ = {isa = PBXFileReference; lastKnownFileType = sourcecode.c.objc; path = AppDelegate.m; sourceTree = "<group>"; };
		7ACD80D71F3578C200021894 /* ViewController.h */ = {isa = PBXFileReference; lastKnownFileType = sourcecode.c.h; path = ViewController.h; sourceTree = "<group>"; };
		7ACD80D81F3578C200021894 /* ViewController.m */ = {isa = PBXFileReference; lastKnownFileType = sourcecode.c.objc; path = ViewController.m; sourceTree = "<group>"; };
		7ACD80DB1F3578C200021894 /* Base */ = {isa = PBXFileReference; lastKnownFileType = file.storyboard; name = Base; path = Base.lproj/Main.storyboard; sourceTree = "<group>"; };
		7ACD80DD1F3578C200021894 /* Assets.xcassets */ = {isa = PBXFileReference; lastKnownFileType = folder.assetcatalog; path = Assets.xcassets; sourceTree = "<group>"; };
		7ACD80E01F3578C200021894 /* Base */ = {isa = PBXFileReference; lastKnownFileType = file.storyboard; name = Base; path = Base.lproj/LaunchScreen.storyboard; sourceTree = "<group>"; };
		7ACD80E21F3578C200021894 /* Info.plist */ = {isa = PBXFileReference; lastKnownFileType = text.plist.xml; path = Info.plist; sourceTree = "<group>"; };
		7ACD80E81F3579C900021894 /* PrefixHeader.pch */ = {isa = PBXFileReference; lastKnownFileType = sourcecode.c.h; path = PrefixHeader.pch; sourceTree = "<group>"; };
		7ACD816B1F35A6BD00021894 /* NSString+JXDecimalCalculate.h */ = {isa = PBXFileReference; fileEncoding = 4; lastKnownFileType = sourcecode.c.h; path = "NSString+JXDecimalCalculate.h"; sourceTree = "<group>"; };
		7ACD816C1F35A6BD00021894 /* NSString+JXDecimalCalculate.m */ = {isa = PBXFileReference; fileEncoding = 4; lastKnownFileType = sourcecode.c.objc; path = "NSString+JXDecimalCalculate.m"; sourceTree = "<group>"; };
		7ACD816D1F35A6BD00021894 /* UIButton+JXCountDown.h */ = {isa = PBXFileReference; fileEncoding = 4; lastKnownFileType = sourcecode.c.h; path = "UIButton+JXCountDown.h"; sourceTree = "<group>"; };
		7ACD816E1F35A6BD00021894 /* UIButton+JXCountDown.m */ = {isa = PBXFileReference; fileEncoding = 4; lastKnownFileType = sourcecode.c.objc; path = "UIButton+JXCountDown.m"; sourceTree = "<group>"; };
		7ACD81711F35A6BD00021894 /* UIScrollView+JXEmptyDataSet.h */ = {isa = PBXFileReference; fileEncoding = 4; lastKnownFileType = sourcecode.c.h; path = "UIScrollView+JXEmptyDataSet.h"; sourceTree = "<group>"; };
		7ACD81721F35A6BD00021894 /* UIScrollView+JXEmptyDataSet.m */ = {isa = PBXFileReference; fileEncoding = 4; lastKnownFileType = sourcecode.c.objc; path = "UIScrollView+JXEmptyDataSet.m"; sourceTree = "<group>"; };
		7ACD81731F35A6BD00021894 /* UIScrollView+JXExtension.h */ = {isa = PBXFileReference; fileEncoding = 4; lastKnownFileType = sourcecode.c.h; path = "UIScrollView+JXExtension.h"; sourceTree = "<group>"; };
		7ACD81741F35A6BD00021894 /* UIScrollView+JXExtension.m */ = {isa = PBXFileReference; fileEncoding = 4; lastKnownFileType = sourcecode.c.objc; path = "UIScrollView+JXExtension.m"; sourceTree = "<group>"; };
		7ACD81751F35A6BD00021894 /* UIView+JXDesign.h */ = {isa = PBXFileReference; fileEncoding = 4; lastKnownFileType = sourcecode.c.h; path = "UIView+JXDesign.h"; sourceTree = "<group>"; };
		7ACD81761F35A6BD00021894 /* UIView+JXDesign.m */ = {isa = PBXFileReference; fileEncoding = 4; lastKnownFileType = sourcecode.c.objc; path = "UIView+JXDesign.m"; sourceTree = "<group>"; };
		7ACD81771F35A6BD00021894 /* JXExtension.h */ = {isa = PBXFileReference; fileEncoding = 4; lastKnownFileType = sourcecode.c.h; path = JXExtension.h; sourceTree = "<group>"; };
		7ACD81791F35A6BD00021894 /* JXAlertContainerView.h */ = {isa = PBXFileReference; fileEncoding = 4; lastKnownFileType = sourcecode.c.h; path = JXAlertContainerView.h; sourceTree = "<group>"; };
		7ACD817A1F35A6BD00021894 /* JXAlertContainerView.m */ = {isa = PBXFileReference; fileEncoding = 4; lastKnownFileType = sourcecode.c.objc; path = JXAlertContainerView.m; sourceTree = "<group>"; };
		7ACD817B1F35A6BD00021894 /* JXButton.h */ = {isa = PBXFileReference; fileEncoding = 4; lastKnownFileType = sourcecode.c.h; path = JXButton.h; sourceTree = "<group>"; };
		7ACD817C1F35A6BD00021894 /* JXButton.m */ = {isa = PBXFileReference; fileEncoding = 4; lastKnownFileType = sourcecode.c.objc; path = JXButton.m; sourceTree = "<group>"; };
		7ACD817D1F35A6BD00021894 /* JXImageView.h */ = {isa = PBXFileReference; fileEncoding = 4; lastKnownFileType = sourcecode.c.h; path = JXImageView.h; sourceTree = "<group>"; };
		7ACD817E1F35A6BD00021894 /* JXImageView.m */ = {isa = PBXFileReference; fileEncoding = 4; lastKnownFileType = sourcecode.c.objc; path = JXImageView.m; sourceTree = "<group>"; };
		7ACD817F1F35A6BD00021894 /* JXLabel.h */ = {isa = PBXFileReference; fileEncoding = 4; lastKnownFileType = sourcecode.c.h; path = JXLabel.h; sourceTree = "<group>"; };
		7ACD81801F35A6BD00021894 /* JXLabel.m */ = {isa = PBXFileReference; fileEncoding = 4; lastKnownFileType = sourcecode.c.objc; path = JXLabel.m; sourceTree = "<group>"; };
		7ACD81811F35A6BD00021894 /* JXTextField.h */ = {isa = PBXFileReference; fileEncoding = 4; lastKnownFileType = sourcecode.c.h; path = JXTextField.h; sourceTree = "<group>"; };
		7ACD81821F35A6BD00021894 /* JXTextField.m */ = {isa = PBXFileReference; fileEncoding = 4; lastKnownFileType = sourcecode.c.objc; path = JXTextField.m; sourceTree = "<group>"; };
		7ACD81831F35A6BD00021894 /* JXTextView.h */ = {isa = PBXFileReference; fileEncoding = 4; lastKnownFileType = sourcecode.c.h; path = JXTextView.h; sourceTree = "<group>"; };
		7ACD81841F35A6BD00021894 /* JXTextView.m */ = {isa = PBXFileReference; fileEncoding = 4; lastKnownFileType = sourcecode.c.objc; path = JXTextView.m; sourceTree = "<group>"; };
		7ACD81851F35A6BD00021894 /* JXView.h */ = {isa = PBXFileReference; fileEncoding = 4; lastKnownFileType = sourcecode.c.h; path = JXView.h; sourceTree = "<group>"; };
		7ACD81861F35A6BD00021894 /* JXView.m */ = {isa = PBXFileReference; fileEncoding = 4; lastKnownFileType = sourcecode.c.objc; path = JXView.m; sourceTree = "<group>"; };
		7AF456B71F4C38710068FD48 /* NSString+JXSize.h */ = {isa = PBXFileReference; fileEncoding = 4; lastKnownFileType = sourcecode.c.h; path = "NSString+JXSize.h"; sourceTree = "<group>"; };
		7AF456B81F4C38710068FD48 /* NSString+JXSize.m */ = {isa = PBXFileReference; fileEncoding = 4; lastKnownFileType = sourcecode.c.objc; path = "NSString+JXSize.m"; sourceTree = "<group>"; };
		7AF456BD1F4C3BB70068FD48 /* JXCollectionViewLeftAlignmentFlowLayout.h */ = {isa = PBXFileReference; fileEncoding = 4; lastKnownFileType = sourcecode.c.h; path = JXCollectionViewLeftAlignmentFlowLayout.h; sourceTree = "<group>"; };
		7AF456BE1F4C3BB70068FD48 /* JXCollectionViewLeftAlignmentFlowLayout.m */ = {isa = PBXFileReference; fileEncoding = 4; lastKnownFileType = sourcecode.c.objc; path = JXCollectionViewLeftAlignmentFlowLayout.m; sourceTree = "<group>"; };
		A8BA4D96B49A2EC9A6489EFA /* Pods-JXExtension.debug.xcconfig */ = {isa = PBXFileReference; includeInIndex = 1; lastKnownFileType = text.xcconfig; name = "Pods-JXExtension.debug.xcconfig"; path = "Pods/Target Support Files/Pods-JXExtension/Pods-JXExtension.debug.xcconfig"; sourceTree = "<group>"; };
		F1C87085E6B1D02610148DF7 /* libPods-JXExtension.a */ = {isa = PBXFileReference; explicitFileType = archive.ar; includeInIndex = 0; path = "libPods-JXExtension.a"; sourceTree = BUILT_PRODUCTS_DIR; };
/* End PBXFileReference section */

/* Begin PBXFrameworksBuildPhase section */
		7ACD80CB1F3578C200021894 /* Frameworks */ = {
			isa = PBXFrameworksBuildPhase;
			buildActionMask = 2147483647;
			files = (
				7EC85313099945E851F43C10 /* libPods-JXExtension.a in Frameworks */,
			);
			runOnlyForDeploymentPostprocessing = 0;
		};
/* End PBXFrameworksBuildPhase section */

/* Begin PBXGroup section */
		6547051A5E1E34A394DC8299 /* Pods */ = {
			isa = PBXGroup;
			children = (
				A8BA4D96B49A2EC9A6489EFA /* Pods-JXExtension.debug.xcconfig */,
				4F3AC3E221FBD6014A3F64FE /* Pods-JXExtension.release.xcconfig */,
			);
			name = Pods;
			sourceTree = "<group>";
		};
		7AB1EAF01F5BB00A003A5B53 /* Transition */ = {
			isa = PBXGroup;
			children = (
				7AB1EAF11F5BB00A003A5B53 /* JXPushAnimator.h */,
				7AB1EAF21F5BB00A003A5B53 /* JXPushAnimator.m */,
				7AB1EAF31F5BB00A003A5B53 /* JXTransitionAnimator.h */,
				7AB1EAF41F5BB00A003A5B53 /* JXTransitionAnimator.m */,
				7AB1EAF51F5BB00A003A5B53 /* JXTransitionObject.h */,
				7AB1EAF61F5BB00A003A5B53 /* JXTransitionObject.m */,
				7AB1EAF71F5BB00A003A5B53 /* UIViewController+JXTransition.h */,
				7AB1EAF81F5BB00A003A5B53 /* UIViewController+JXTransition.m */,
			);
			path = Transition;
			sourceTree = "<group>";
		};
		7ACD80C51F3578C200021894 = {
			isa = PBXGroup;
			children = (
				7ACD81691F35A6BD00021894 /* JXExtension */,
				7ACD80D01F3578C200021894 /* Example */,
				7ACD80CF1F3578C200021894 /* Products */,
				6547051A5E1E34A394DC8299 /* Pods */,
				98A90B401C44FE32E0032A22 /* Frameworks */,
			);
			sourceTree = "<group>";
		};
		7ACD80CF1F3578C200021894 /* Products */ = {
			isa = PBXGroup;
			children = (
				7ACD80CE1F3578C200021894 /* JXExtension.app */,
			);
			name = Products;
			sourceTree = "<group>";
		};
		7ACD80D01F3578C200021894 /* Example */ = {
			isa = PBXGroup;
			children = (
				7ACD80D41F3578C200021894 /* AppDelegate.h */,
				7ACD80D51F3578C200021894 /* AppDelegate.m */,
				7ACD80D71F3578C200021894 /* ViewController.h */,
				7ACD80D81F3578C200021894 /* ViewController.m */,
				7ACD80DA1F3578C200021894 /* Main.storyboard */,
				7ACD80DD1F3578C200021894 /* Assets.xcassets */,
				7ACD80DF1F3578C200021894 /* LaunchScreen.storyboard */,
				7ACD80E21F3578C200021894 /* Info.plist */,
				7ACD80D11F3578C200021894 /* Supporting Files */,
			);
			path = Example;
			sourceTree = "<group>";
		};
		7ACD80D11F3578C200021894 /* Supporting Files */ = {
			isa = PBXGroup;
			children = (
				7ACD80D21F3578C200021894 /* main.m */,
				7ACD80E81F3579C900021894 /* PrefixHeader.pch */,
			);
			name = "Supporting Files";
			sourceTree = "<group>";
		};
		7ACD81691F35A6BD00021894 /* JXExtension */ = {
			isa = PBXGroup;
			children = (
				7ACD81771F35A6BD00021894 /* JXExtension.h */,
				7AB1EAF01F5BB00A003A5B53 /* Transition */,
				7ACD816A1F35A6BD00021894 /* Category */,
				7ACD81781F35A6BD00021894 /* View */,
			);
			path = JXExtension;
			sourceTree = "<group>";
		};
		7ACD816A1F35A6BD00021894 /* Category */ = {
			isa = PBXGroup;
			children = (
				7ACD816B1F35A6BD00021894 /* NSString+JXDecimalCalculate.h */,
				7ACD816C1F35A6BD00021894 /* NSString+JXDecimalCalculate.m */,
				7ACD816D1F35A6BD00021894 /* UIButton+JXCountDown.h */,
				7ACD816E1F35A6BD00021894 /* UIButton+JXCountDown.m */,
				7A6333D41F3D8AFE00E377CA /* UIImage+JXExtension.h */,
				7A6333D51F3D8AFE00E377CA /* UIImage+JXExtension.m */,
				7ACD81711F35A6BD00021894 /* UIScrollView+JXEmptyDataSet.h */,
				7ACD81721F35A6BD00021894 /* UIScrollView+JXEmptyDataSet.m */,
				7ACD81731F35A6BD00021894 /* UIScrollView+JXExtension.h */,
				7ACD81741F35A6BD00021894 /* UIScrollView+JXExtension.m */,
				7ACD81751F35A6BD00021894 /* UIView+JXDesign.h */,
				7ACD81761F35A6BD00021894 /* UIView+JXDesign.m */,
				7A7493CC1F47E82000C9C798 /* UIAlertController+JXExtension.h */,
				7A7493CD1F47E82000C9C798 /* UIAlertController+JXExtension.m */,
				7A00AFAF1F4ADB980049807A /* UIView+JXFrame.h */,
				7A00AFB01F4ADB980049807A /* UIView+JXFrame.m */,
				7AF456B71F4C38710068FD48 /* NSString+JXSize.h */,
				7AF456B81F4C38710068FD48 /* NSString+JXSize.m */,
			);
			path = Category;
			sourceTree = "<group>";
		};
		7ACD81781F35A6BD00021894 /* View */ = {
			isa = PBXGroup;
			children = (
				7ACD81791F35A6BD00021894 /* JXAlertContainerView.h */,
				7ACD817A1F35A6BD00021894 /* JXAlertContainerView.m */,
				7ACD817B1F35A6BD00021894 /* JXButton.h */,
				7ACD817C1F35A6BD00021894 /* JXButton.m */,
				7ACD817D1F35A6BD00021894 /* JXImageView.h */,
				7ACD817E1F35A6BD00021894 /* JXImageView.m */,
				7ACD817F1F35A6BD00021894 /* JXLabel.h */,
				7ACD81801F35A6BD00021894 /* JXLabel.m */,
				7ACD81811F35A6BD00021894 /* JXTextField.h */,
				7ACD81821F35A6BD00021894 /* JXTextField.m */,
				7ACD81831F35A6BD00021894 /* JXTextView.h */,
				7ACD81841F35A6BD00021894 /* JXTextView.m */,
				7ACD81851F35A6BD00021894 /* JXView.h */,
				7ACD81861F35A6BD00021894 /* JXView.m */,
				7A00AFAC1F4ADAD10049807A /* JXImageTextButton.h */,
				7A00AFAD1F4ADAD10049807A /* JXImageTextButton.m */,
				7AF456BD1F4C3BB70068FD48 /* JXCollectionViewLeftAlignmentFlowLayout.h */,
				7AF456BE1F4C3BB70068FD48 /* JXCollectionViewLeftAlignmentFlowLayout.m */,
			);
			path = View;
			sourceTree = "<group>";
		};
		98A90B401C44FE32E0032A22 /* Frameworks */ = {
			isa = PBXGroup;
			children = (
				F1C87085E6B1D02610148DF7 /* libPods-JXExtension.a */,
			);
			name = Frameworks;
			sourceTree = "<group>";
		};
/* End PBXGroup section */

/* Begin PBXNativeTarget section */
		7ACD80CD1F3578C200021894 /* JXExtension */ = {
			isa = PBXNativeTarget;
			buildConfigurationList = 7ACD80E51F3578C200021894 /* Build configuration list for PBXNativeTarget "JXExtension" */;
			buildPhases = (
				FD0A96013192AB4552F82182 /* [CP] Check Pods Manifest.lock */,
				7ACD80CA1F3578C200021894 /* Sources */,
				7ACD80CB1F3578C200021894 /* Frameworks */,
				7ACD80CC1F3578C200021894 /* Resources */,
				68B2E4C5369BFE549DCDD549 /* [CP] Embed Pods Frameworks */,
				E43ED5703C6555C4ACD7F9B8 /* [CP] Copy Pods Resources */,
			);
			buildRules = (
			);
			dependencies = (
			);
			name = JXExtension;
			productName = Example;
			productReference = 7ACD80CE1F3578C200021894 /* JXExtension.app */;
			productType = "com.apple.product-type.application";
		};
/* End PBXNativeTarget section */

/* Begin PBXProject section */
		7ACD80C61F3578C200021894 /* Project object */ = {
			isa = PBXProject;
			attributes = {
				LastUpgradeCheck = 0830;
				ORGANIZATIONNAME = Jeason.Lee;
				TargetAttributes = {
					7ACD80CD1F3578C200021894 = {
						CreatedOnToolsVersion = 8.3.3;
						ProvisioningStyle = Automatic;
					};
				};
			};
			buildConfigurationList = 7ACD80C91F3578C200021894 /* Build configuration list for PBXProject "JXExtension" */;
			compatibilityVersion = "Xcode 3.2";
			developmentRegion = English;
			hasScannedForEncodings = 0;
			knownRegions = (
				en,
				Base,
			);
			mainGroup = 7ACD80C51F3578C200021894;
			productRefGroup = 7ACD80CF1F3578C200021894 /* Products */;
			projectDirPath = "";
			projectRoot = "";
			targets = (
				7ACD80CD1F3578C200021894 /* JXExtension */,
			);
		};
/* End PBXProject section */

/* Begin PBXResourcesBuildPhase section */
		7ACD80CC1F3578C200021894 /* Resources */ = {
			isa = PBXResourcesBuildPhase;
			buildActionMask = 2147483647;
			files = (
				7ACD80E11F3578C200021894 /* LaunchScreen.storyboard in Resources */,
				7ACD80DE1F3578C200021894 /* Assets.xcassets in Resources */,
				7ACD80DC1F3578C200021894 /* Main.storyboard in Resources */,
			);
			runOnlyForDeploymentPostprocessing = 0;
		};
/* End PBXResourcesBuildPhase section */

/* Begin PBXShellScriptBuildPhase section */
		68B2E4C5369BFE549DCDD549 /* [CP] Embed Pods Frameworks */ = {
			isa = PBXShellScriptBuildPhase;
			buildActionMask = 2147483647;
			files = (
			);
			inputPaths = (
			);
			name = "[CP] Embed Pods Frameworks";
			outputPaths = (
			);
			runOnlyForDeploymentPostprocessing = 0;
			shellPath = /bin/sh;
			shellScript = "\"${SRCROOT}/Pods/Target Support Files/Pods-JXExtension/Pods-JXExtension-frameworks.sh\"\n";
			showEnvVarsInLog = 0;
		};
		E43ED5703C6555C4ACD7F9B8 /* [CP] Copy Pods Resources */ = {
			isa = PBXShellScriptBuildPhase;
			buildActionMask = 2147483647;
			files = (
			);
			inputPaths = (
			);
			name = "[CP] Copy Pods Resources";
			outputPaths = (
			);
			runOnlyForDeploymentPostprocessing = 0;
			shellPath = /bin/sh;
			shellScript = "\"${SRCROOT}/Pods/Target Support Files/Pods-JXExtension/Pods-JXExtension-resources.sh\"\n";
			showEnvVarsInLog = 0;
		};
		FD0A96013192AB4552F82182 /* [CP] Check Pods Manifest.lock */ = {
			isa = PBXShellScriptBuildPhase;
			buildActionMask = 2147483647;
			files = (
			);
			inputPaths = (
			);
			name = "[CP] Check Pods Manifest.lock";
			outputPaths = (
			);
			runOnlyForDeploymentPostprocessing = 0;
			shellPath = /bin/sh;
			shellScript = "diff \"${PODS_PODFILE_DIR_PATH}/Podfile.lock\" \"${PODS_ROOT}/Manifest.lock\" > /dev/null\nif [ $? != 0 ] ; then\n    # print error to STDERR\n    echo \"error: The sandbox is not in sync with the Podfile.lock. Run 'pod install' or update your CocoaPods installation.\" >&2\n    exit 1\nfi\n";
			showEnvVarsInLog = 0;
		};
/* End PBXShellScriptBuildPhase section */

/* Begin PBXSourcesBuildPhase section */
		7ACD80CA1F3578C200021894 /* Sources */ = {
			isa = PBXSourcesBuildPhase;
			buildActionMask = 2147483647;
			files = (
				7A6333D61F3D8AFE00E377CA /* UIImage+JXExtension.m in Sources */,
				7ACD81931F35A6BD00021894 /* JXView.m in Sources */,
				7AB1EAFA1F5BB00A003A5B53 /* JXTransitionAnimator.m in Sources */,
				7AB1EAFB1F5BB00A003A5B53 /* JXTransitionObject.m in Sources */,
				7AB1EAF91F5BB00A003A5B53 /* JXPushAnimator.m in Sources */,
				7A00AFAE1F4ADAD10049807A /* JXImageTextButton.m in Sources */,
				7AB1EAFC1F5BB00A003A5B53 /* UIViewController+JXTransition.m in Sources */,
				7ACD818F1F35A6BD00021894 /* JXImageView.m in Sources */,
				7ACD81921F35A6BD00021894 /* JXTextView.m in Sources */,
				7AF456BF1F4C3BB70068FD48 /* JXCollectionViewLeftAlignmentFlowLayout.m in Sources */,
				7ACD81881F35A6BD00021894 /* UIButton+JXCountDown.m in Sources */,
				7ACD818E1F35A6BD00021894 /* JXButton.m in Sources */,
				7ACD818C1F35A6BD00021894 /* UIView+JXDesign.m in Sources */,
				7ACD80D91F3578C200021894 /* ViewController.m in Sources */,
				7ACD81901F35A6BD00021894 /* JXLabel.m in Sources */,
				7ACD818A1F35A6BD00021894 /* UIScrollView+JXEmptyDataSet.m in Sources */,
				7ACD80D61F3578C200021894 /* AppDelegate.m in Sources */,
				7ACD81911F35A6BD00021894 /* JXTextField.m in Sources */,
				7ACD81871F35A6BD00021894 /* NSString+JXDecimalCalculate.m in Sources */,
				7A7493CE1F47E82000C9C798 /* UIAlertController+JXExtension.m in Sources */,
				7A00AFB11F4ADB980049807A /* UIView+JXFrame.m in Sources */,
				7AF456B91F4C38710068FD48 /* NSString+JXSize.m in Sources */,
				7ACD80D31F3578C200021894 /* main.m in Sources */,
				7ACD818B1F35A6BD00021894 /* UIScrollView+JXExtension.m in Sources */,
				7ACD818D1F35A6BD00021894 /* JXAlertContainerView.m in Sources */,
			);
			runOnlyForDeploymentPostprocessing = 0;
		};
/* End PBXSourcesBuildPhase section */

/* Begin PBXVariantGroup section */
		7ACD80DA1F3578C200021894 /* Main.storyboard */ = {
			isa = PBXVariantGroup;
			children = (
				7ACD80DB1F3578C200021894 /* Base */,
			);
			name = Main.storyboard;
			sourceTree = "<group>";
		};
		7ACD80DF1F3578C200021894 /* LaunchScreen.storyboard */ = {
			isa = PBXVariantGroup;
			children = (
				7ACD80E01F3578C200021894 /* Base */,
			);
			name = LaunchScreen.storyboard;
			sourceTree = "<group>";
		};
/* End PBXVariantGroup section */

/* Begin XCBuildConfiguration section */
		7ACD80E31F3578C200021894 /* Debug */ = {
			isa = XCBuildConfiguration;
			buildSettings = {
				ALWAYS_SEARCH_USER_PATHS = NO;
				CLANG_ANALYZER_NONNULL = YES;
				CLANG_ANALYZER_NUMBER_OBJECT_CONVERSION = YES_AGGRESSIVE;
				CLANG_CXX_LANGUAGE_STANDARD = "gnu++0x";
				CLANG_CXX_LIBRARY = "libc++";
				CLANG_ENABLE_MODULES = YES;
				CLANG_ENABLE_OBJC_ARC = YES;
				CLANG_WARN_BOOL_CONVERSION = YES;
				CLANG_WARN_CONSTANT_CONVERSION = YES;
				CLANG_WARN_DIRECT_OBJC_ISA_USAGE = YES_ERROR;
				CLANG_WARN_DOCUMENTATION_COMMENTS = YES;
				CLANG_WARN_EMPTY_BODY = YES;
				CLANG_WARN_ENUM_CONVERSION = YES;
				CLANG_WARN_INFINITE_RECURSION = YES;
				CLANG_WARN_INT_CONVERSION = YES;
				CLANG_WARN_OBJC_ROOT_CLASS = YES_ERROR;
				CLANG_WARN_SUSPICIOUS_MOVE = YES;
				CLANG_WARN_UNREACHABLE_CODE = YES;
				CLANG_WARN__DUPLICATE_METHOD_MATCH = YES;
				"CODE_SIGN_IDENTITY[sdk=iphoneos*]" = "iPhone Developer";
				COPY_PHASE_STRIP = NO;
				DEBUG_INFORMATION_FORMAT = dwarf;
				ENABLE_STRICT_OBJC_MSGSEND = YES;
				ENABLE_TESTABILITY = YES;
				GCC_C_LANGUAGE_STANDARD = gnu99;
				GCC_DYNAMIC_NO_PIC = NO;
				GCC_NO_COMMON_BLOCKS = YES;
				GCC_OPTIMIZATION_LEVEL = 0;
				GCC_PREPROCESSOR_DEFINITIONS = (
					"DEBUG=1",
					"$(inherited)",
				);
				GCC_WARN_64_TO_32_BIT_CONVERSION = YES;
				GCC_WARN_ABOUT_RETURN_TYPE = YES_ERROR;
				GCC_WARN_UNDECLARED_SELECTOR = YES;
				GCC_WARN_UNINITIALIZED_AUTOS = YES_AGGRESSIVE;
				GCC_WARN_UNUSED_FUNCTION = YES;
				GCC_WARN_UNUSED_VARIABLE = YES;
				IPHONEOS_DEPLOYMENT_TARGET = 10.3;
				MTL_ENABLE_DEBUG_INFO = YES;
				ONLY_ACTIVE_ARCH = YES;
				SDKROOT = iphoneos;
				TARGETED_DEVICE_FAMILY = "1,2";
			};
			name = Debug;
		};
		7ACD80E41F3578C200021894 /* Release */ = {
			isa = XCBuildConfiguration;
			buildSettings = {
				ALWAYS_SEARCH_USER_PATHS = NO;
				CLANG_ANALYZER_NONNULL = YES;
				CLANG_ANALYZER_NUMBER_OBJECT_CONVERSION = YES_AGGRESSIVE;
				CLANG_CXX_LANGUAGE_STANDARD = "gnu++0x";
				CLANG_CXX_LIBRARY = "libc++";
				CLANG_ENABLE_MODULES = YES;
				CLANG_ENABLE_OBJC_ARC = YES;
				CLANG_WARN_BOOL_CONVERSION = YES;
				CLANG_WARN_CONSTANT_CONVERSION = YES;
				CLANG_WARN_DIRECT_OBJC_ISA_USAGE = YES_ERROR;
				CLANG_WARN_DOCUMENTATION_COMMENTS = YES;
				CLANG_WARN_EMPTY_BODY = YES;
				CLANG_WARN_ENUM_CONVERSION = YES;
				CLANG_WARN_INFINITE_RECURSION = YES;
				CLANG_WARN_INT_CONVERSION = YES;
				CLANG_WARN_OBJC_ROOT_CLASS = YES_ERROR;
				CLANG_WARN_SUSPICIOUS_MOVE = YES;
				CLANG_WARN_UNREACHABLE_CODE = YES;
				CLANG_WARN__DUPLICATE_METHOD_MATCH = YES;
				"CODE_SIGN_IDENTITY[sdk=iphoneos*]" = "iPhone Developer";
				COPY_PHASE_STRIP = NO;
				DEBUG_INFORMATION_FORMAT = "dwarf-with-dsym";
				ENABLE_NS_ASSERTIONS = NO;
				ENABLE_STRICT_OBJC_MSGSEND = YES;
				GCC_C_LANGUAGE_STANDARD = gnu99;
				GCC_NO_COMMON_BLOCKS = YES;
				GCC_WARN_64_TO_32_BIT_CONVERSION = YES;
				GCC_WARN_ABOUT_RETURN_TYPE = YES_ERROR;
				GCC_WARN_UNDECLARED_SELECTOR = YES;
				GCC_WARN_UNINITIALIZED_AUTOS = YES_AGGRESSIVE;
				GCC_WARN_UNUSED_FUNCTION = YES;
				GCC_WARN_UNUSED_VARIABLE = YES;
				IPHONEOS_DEPLOYMENT_TARGET = 10.3;
				MTL_ENABLE_DEBUG_INFO = NO;
				SDKROOT = iphoneos;
				TARGETED_DEVICE_FAMILY = "1,2";
				VALIDATE_PRODUCT = YES;
			};
			name = Release;
		};
		7ACD80E61F3578C200021894 /* Debug */ = {
			isa = XCBuildConfiguration;
			baseConfigurationReference = A8BA4D96B49A2EC9A6489EFA /* Pods-JXExtension.debug.xcconfig */;
			buildSettings = {
				ASSETCATALOG_COMPILER_APPICON_NAME = AppIcon;
				GCC_PREFIX_HEADER = "$(SRCROOT)/Example/PrefixHeader.pch";
				INFOPLIST_FILE = Example/Info.plist;
				LD_RUNPATH_SEARCH_PATHS = "$(inherited) @executable_path/Frameworks";
				PRODUCT_BUNDLE_IDENTIFIER = Jeason.Lee.Example;
				PRODUCT_NAME = "$(TARGET_NAME)";
			};
			name = Debug;
		};
		7ACD80E71F3578C200021894 /* Release */ = {
			isa = XCBuildConfiguration;
			baseConfigurationReference = 4F3AC3E221FBD6014A3F64FE /* Pods-JXExtension.release.xcconfig */;
			buildSettings = {
				ASSETCATALOG_COMPILER_APPICON_NAME = AppIcon;
				GCC_PREFIX_HEADER = "$(SRCROOT)/Example/PrefixHeader.pch";
				INFOPLIST_FILE = Example/Info.plist;
				LD_RUNPATH_SEARCH_PATHS = "$(inherited) @executable_path/Frameworks";
				PRODUCT_BUNDLE_IDENTIFIER = Jeason.Lee.Example;
				PRODUCT_NAME = "$(TARGET_NAME)";
			};
			name = Release;
		};
/* End XCBuildConfiguration section */

/* Begin XCConfigurationList section */
		7ACD80C91F3578C200021894 /* Build configuration list for PBXProject "JXExtension" */ = {
			isa = XCConfigurationList;
			buildConfigurations = (
				7ACD80E31F3578C200021894 /* Debug */,
				7ACD80E41F3578C200021894 /* Release */,
			);
			defaultConfigurationIsVisible = 0;
			defaultConfigurationName = Release;
		};
		7ACD80E51F3578C200021894 /* Build configuration list for PBXNativeTarget "JXExtension" */ = {
			isa = XCConfigurationList;
			buildConfigurations = (
				7ACD80E61F3578C200021894 /* Debug */,
				7ACD80E71F3578C200021894 /* Release */,
			);
			defaultConfigurationIsVisible = 0;
			defaultConfigurationName = Release;
		};
/* End XCConfigurationList section */
	};
	rootObject = 7ACD80C61F3578C200021894 /* Project object */;
}
